
Microsoft Visual Studio Solution File, Format Version 12.00
# Visual Studio Version 17
Project("{2150E333-8FDC-42A3-9474-1A3956D46DE8}") = "CMakePredefinedTargets", "CMakePredefinedTargets", "{17B89690-2D6C-34B8-B9F9-449FFB004A68}"
EndProject
Project("{2150E333-8FDC-42A3-9474-1A3956D46DE8}") = "GLFW3", "GLFW3", "{5F172FC8-7828-3EB6-8970-175E8F399F50}"
EndProject
Project("{8BC9CEB8-8B4A-11D0-8D11-00A0C91BC942}") = "ALL_BUILD", "ALL_BUILD.vcxproj", "{3E6F643F-1235-3272-B3AD-34D8557355BD}"
	ProjectSection(ProjectDependencies) = postProject
		{85F4AC34-BC5C-3FEB-9A72-9E7C81877143} = {85F4AC34-BC5C-3FEB-9A72-9E7C81877143}
		{0279132C-5C9D-36F3-BD5F-CF86BC936629} = {0279132C-5C9D-36F3-BD5F-CF86BC936629}
		{B342FFEA-4114-394D-8C43-E8A18F33402D} = {B342FFEA-4114-394D-8C43-E8A18F33402D}
		{E352BCCD-542F-3058-9241-6BBB80AA5254} = {E352BCCD-542F-3058-9241-6BBB80AA5254}
		{15FE62A5-7663-3E9E-9E61-13B4DB198564} = {15FE62A5-7663-3E9E-9E61-13B4DB198564}
		{CA87ACE6-36E3-3E5D-B65F-B854FCB638E5} = {CA87ACE6-36E3-3E5D-B65F-B854FCB638E5}
		{E6D87A29-E7B2-325D-A75C-01A730ABBF52} = {E6D87A29-E7B2-325D-A75C-01A730ABBF52}
	EndProjectSection
EndProject
Project("{8BC9CEB8-8B4A-11D0-8D11-00A0C91BC942}") = "GLAD", "vendor\glad\GLAD.vcxproj", "{85F4AC34-BC5C-3FEB-9A72-9E7C81877143}"
	ProjectSection(ProjectDependencies) = postProject
		{B342FFEA-4114-394D-8C43-E8A18F33402D} = {B342FFEA-4114-394D-8C43-E8A18F33402D}
	EndProjectSection
EndProject
Project("{8BC9CEB8-8B4A-11D0-8D11-00A0C91BC942}") = "INSTALL", "INSTALL.vcxproj", "{628457A9-41D9-3DFF-AFCE-7249488494C6}"
	ProjectSection(ProjectDependencies) = postProject
		{3E6F643F-1235-3272-B3AD-34D8557355BD} = {3E6F643F-1235-3272-B3AD-34D8557355BD}
		{B342FFEA-4114-394D-8C43-E8A18F33402D} = {B342FFEA-4114-394D-8C43-E8A18F33402D}
	EndProjectSection
EndProject
Project("{8BC9CEB8-8B4A-11D0-8D11-00A0C91BC942}") = "YAML_CPP", "vendor\yaml-cpp\YAML_CPP.vcxproj", "{0279132C-5C9D-36F3-BD5F-CF86BC936629}"
	ProjectSection(ProjectDependencies) = postProject
		{B342FFEA-4114-394D-8C43-E8A18F33402D} = {B342FFEA-4114-394D-8C43-E8A18F33402D}
	EndProjectSection
EndProject
Project("{8BC9CEB8-8B4A-11D0-8D11-00A0C91BC942}") = "ZERO_CHECK", "ZERO_CHECK.vcxproj", "{B342FFEA-4114-394D-8C43-E8A18F33402D}"
	ProjectSection(ProjectDependencies) = postProject
	EndProjectSection
EndProject
Project("{8BC9CEB8-8B4A-11D0-8D11-00A0C91BC942}") = "engine", "engine\engine.vcxproj", "{E352BCCD-542F-3058-9241-6BBB80AA5254}"
	ProjectSection(ProjectDependencies) = postProject
		{85F4AC34-BC5C-3FEB-9A72-9E7C81877143} = {85F4AC34-BC5C-3FEB-9A72-9E7C81877143}
		{0279132C-5C9D-36F3-BD5F-CF86BC936629} = {0279132C-5C9D-36F3-BD5F-CF86BC936629}
		{B342FFEA-4114-394D-8C43-E8A18F33402D} = {B342FFEA-4114-394D-8C43-E8A18F33402D}
		{CA87ACE6-36E3-3E5D-B65F-B854FCB638E5} = {CA87ACE6-36E3-3E5D-B65F-B854FCB638E5}
	EndProjectSection
EndProject
Project("{8BC9CEB8-8B4A-11D0-8D11-00A0C91BC942}") = "game", "game\game.vcxproj", "{15FE62A5-7663-3E9E-9E61-13B4DB198564}"
	ProjectSection(ProjectDependencies) = postProject
		{85F4AC34-BC5C-3FEB-9A72-9E7C81877143} = {85F4AC34-BC5C-3FEB-9A72-9E7C81877143}
		{0279132C-5C9D-36F3-BD5F-CF86BC936629} = {0279132C-5C9D-36F3-BD5F-CF86BC936629}
		{B342FFEA-4114-394D-8C43-E8A18F33402D} = {B342FFEA-4114-394D-8C43-E8A18F33402D}
		{E352BCCD-542F-3058-9241-6BBB80AA5254} = {E352BCCD-542F-3058-9241-6BBB80AA5254}
		{CA87ACE6-36E3-3E5D-B65F-B854FCB638E5} = {CA87ACE6-36E3-3E5D-B65F-B854FCB638E5}
	EndProjectSection
EndProject
Project("{8BC9CEB8-8B4A-11D0-8D11-00A0C91BC942}") = "glfw", "vendor\glfw\src\glfw.vcxproj", "{CA87ACE6-36E3-3E5D-B65F-B854FCB638E5}"
	ProjectSection(ProjectDependencies) = postProject
		{B342FFEA-4114-394D-8C43-E8A18F33402D} = {B342FFEA-4114-394D-8C43-E8A18F33402D}
	EndProjectSection
EndProject
Project("{8BC9CEB8-8B4A-11D0-8D11-00A0C91BC942}") = "spdlog", "vendor\spdlog\spdlog.vcxproj", "{E6D87A29-E7B2-325D-A75C-01A730ABBF52}"
	ProjectSection(ProjectDependencies) = postProject
		{B342FFEA-4114-394D-8C43-E8A18F33402D} = {B342FFEA-4114-394D-8C43-E8A18F33402D}
	EndProjectSection
EndProject
Project("{8BC9CEB8-8B4A-11D0-8D11-00A0C91BC942}") = "uninstall", "vendor\glfw\uninstall.vcxproj", "{3BFD6B2C-7406-35E0-8B2A-9D31B3EBA041}"
	ProjectSection(ProjectDependencies) = postProject
		{B342FFEA-4114-394D-8C43-E8A18F33402D} = {B342FFEA-4114-394D-8C43-E8A18F33402D}
	EndProjectSection
EndProject
Project("{8BC9CEB8-8B4A-11D0-8D11-00A0C91BC942}") = "update_mappings", "vendor\glfw\src\update_mappings.vcxproj", "{49C368CB-78B3-3B2B-88B6-BFDE8AFAEEB9}"
	ProjectSection(ProjectDependencies) = postProject
		{B342FFEA-4114-394D-8C43-E8A18F33402D} = {B342FFEA-4114-394D-8C43-E8A18F33402D}
	EndProjectSection
EndProject
Global
	GlobalSection(SolutionConfigurationPlatforms) = preSolution
		Debug|x64 = Debug|x64
		Release|x64 = Release|x64
		MinSizeRel|x64 = MinSizeRel|x64
		RelWithDebInfo|x64 = RelWithDebInfo|x64
	EndGlobalSection
	GlobalSection(ProjectConfigurationPlatforms) = postSolution
		{3E6F643F-1235-3272-B3AD-34D8557355BD}.Debug|x64.ActiveCfg = Debug|x64
		{3E6F643F-1235-3272-B3AD-34D8557355BD}.Debug|x64.Build.0 = Debug|x64
		{3E6F643F-1235-3272-B3AD-34D8557355BD}.Release|x64.ActiveCfg = Release|x64
		{3E6F643F-1235-3272-B3AD-34D8557355BD}.Release|x64.Build.0 = Release|x64
		{3E6F643F-1235-3272-B3AD-34D8557355BD}.MinSizeRel|x64.ActiveCfg = MinSizeRel|x64
		{3E6F643F-1235-3272-B3AD-34D8557355BD}.MinSizeRel|x64.Build.0 = MinSizeRel|x64
		{3E6F643F-1235-3272-B3AD-34D8557355BD}.RelWithDebInfo|x64.ActiveCfg = RelWithDebInfo|x64
		{3E6F643F-1235-3272-B3AD-34D8557355BD}.RelWithDebInfo|x64.Build.0 = RelWithDebInfo|x64
		{85F4AC34-BC5C-3FEB-9A72-9E7C81877143}.Debug|x64.ActiveCfg = Debug|x64
		{85F4AC34-BC5C-3FEB-9A72-9E7C81877143}.Debug|x64.Build.0 = Debug|x64
		{85F4AC34-BC5C-3FEB-9A72-9E7C81877143}.Release|x64.ActiveCfg = Release|x64
		{85F4AC34-BC5C-3FEB-9A72-9E7C81877143}.Release|x64.Build.0 = Release|x64
		{85F4AC34-BC5C-3FEB-9A72-9E7C81877143}.MinSizeRel|x64.ActiveCfg = MinSizeRel|x64
		{85F4AC34-BC5C-3FEB-9A72-9E7C81877143}.MinSizeRel|x64.Build.0 = MinSizeRel|x64
		{85F4AC34-BC5C-3FEB-9A72-9E7C81877143}.RelWithDebInfo|x64.ActiveCfg = RelWithDebInfo|x64
		{85F4AC34-BC5C-3FEB-9A72-9E7C81877143}.RelWithDebInfo|x64.Build.0 = RelWithDebInfo|x64
		{628457A9-41D9-3DFF-AFCE-7249488494C6}.Debug|x64.ActiveCfg = Debug|x64
		{628457A9-41D9-3DFF-AFCE-7249488494C6}.Release|x64.ActiveCfg = Release|x64
		{628457A9-41D9-3DFF-AFCE-7249488494C6}.MinSizeRel|x64.ActiveCfg = MinSizeRel|x64
		{628457A9-41D9-3DFF-AFCE-7249488494C6}.RelWithDebInfo|x64.ActiveCfg = RelWithDebInfo|x64
		{0279132C-5C9D-36F3-BD5F-CF86BC936629}.Debug|x64.ActiveCfg = Debug|x64
		{0279132C-5C9D-36F3-BD5F-CF86BC936629}.Debug|x64.Build.0 = Debug|x64
		{0279132C-5C9D-36F3-BD5F-CF86BC936629}.Release|x64.ActiveCfg = Release|x64
		{0279132C-5C9D-36F3-BD5F-CF86BC936629}.Release|x64.Build.0 = Release|x64
		{0279132C-5C9D-36F3-BD5F-CF86BC936629}.MinSizeRel|x64.ActiveCfg = MinSizeRel|x64
		{0279132C-5C9D-36F3-BD5F-CF86BC936629}.MinSizeRel|x64.Build.0 = MinSizeRel|x64
		{0279132C-5C9D-36F3-BD5F-CF86BC936629}.RelWithDebInfo|x64.ActiveCfg = RelWithDebInfo|x64
		{0279132C-5C9D-36F3-BD5F-CF86BC936629}.RelWithDebInfo|x64.Build.0 = RelWithDebInfo|x64
		{B342FFEA-4114-394D-8C43-E8A18F33402D}.Debug|x64.ActiveCfg = Debug|x64
		{B342FFEA-4114-394D-8C43-E8A18F33402D}.Debug|x64.Build.0 = Debug|x64
		{B342FFEA-4114-394D-8C43-E8A18F33402D}.Release|x64.ActiveCfg = Release|x64
		{B342FFEA-4114-394D-8C43-E8A18F33402D}.Release|x64.Build.0 = Release|x64
		{B342FFEA-4114-394D-8C43-E8A18F33402D}.MinSizeRel|x64.ActiveCfg = MinSizeRel|x64
		{B342FFEA-4114-394D-8C43-E8A18F33402D}.MinSizeRel|x64.Build.0 = MinSizeRel|x64
		{B342FFEA-4114-394D-8C43-E8A18F33402D}.RelWithDebInfo|x64.ActiveCfg = RelWithDebInfo|x64
		{B342FFEA-4114-394D-8C43-E8A18F33402D}.RelWithDebInfo|x64.Build.0 = RelWithDebInfo|x64
		{E352BCCD-542F-3058-9241-6BBB80AA5254}.Debug|x64.ActiveCfg = Debug|x64
		{E352BCCD-542F-3058-9241-6BBB80AA5254}.Debug|x64.Build.0 = Debug|x64
		{E352BCCD-542F-3058-9241-6BBB80AA5254}.Release|x64.ActiveCfg = Release|x64
		{E352BCCD-542F-3058-9241-6BBB80AA5254}.Release|x64.Build.0 = Release|x64
		{E352BCCD-542F-3058-9241-6BBB80AA5254}.MinSizeRel|x64.ActiveCfg = MinSizeRel|x64
		{E352BCCD-542F-3058-9241-6BBB80AA5254}.MinSizeRel|x64.Build.0 = MinSizeRel|x64
		{E352BCCD-542F-3058-9241-6BBB80AA5254}.RelWithDebInfo|x64.ActiveCfg = RelWithDebInfo|x64
		{E352BCCD-542F-3058-9241-6BBB80AA5254}.RelWithDebInfo|x64.Build.0 = RelWithDebInfo|x64
		{15FE62A5-7663-3E9E-9E61-13B4DB198564}.Debug|x64.ActiveCfg = Debug|x64
		{15FE62A5-7663-3E9E-9E61-13B4DB198564}.Debug|x64.Build.0 = Debug|x64
		{15FE62A5-7663-3E9E-9E61-13B4DB198564}.Release|x64.ActiveCfg = Release|x64
		{15FE62A5-7663-3E9E-9E61-13B4DB198564}.Release|x64.Build.0 = Release|x64
		{15FE62A5-7663-3E9E-9E61-13B4DB198564}.MinSizeRel|x64.ActiveCfg = MinSizeRel|x64
		{15FE62A5-7663-3E9E-9E61-13B4DB198564}.MinSizeRel|x64.Build.0 = MinSizeRel|x64
		{15FE62A5-7663-3E9E-9E61-13B4DB198564}.RelWithDebInfo|x64.ActiveCfg = RelWithDebInfo|x64
		{15FE62A5-7663-3E9E-9E61-13B4DB198564}.RelWithDebInfo|x64.Build.0 = RelWithDebInfo|x64
		{CA87ACE6-36E3-3E5D-B65F-B854FCB638E5}.Debug|x64.ActiveCfg = Debug|x64
		{CA87ACE6-36E3-3E5D-B65F-B854FCB638E5}.Debug|x64.Build.0 = Debug|x64
		{CA87ACE6-36E3-3E5D-B65F-B854FCB638E5}.Release|x64.ActiveCfg = Release|x64
		{CA87ACE6-36E3-3E5D-B65F-B854FCB638E5}.Release|x64.Build.0 = Release|x64
		{CA87ACE6-36E3-3E5D-B65F-B854FCB638E5}.MinSizeRel|x64.ActiveCfg = MinSizeRel|x64
		{CA87ACE6-36E3-3E5D-B65F-B854FCB638E5}.MinSizeRel|x64.Build.0 = MinSizeRel|x64
		{CA87ACE6-36E3-3E5D-B65F-B854FCB638E5}.RelWithDebInfo|x64.ActiveCfg = RelWithDebInfo|x64
		{CA87ACE6-36E3-3E5D-B65F-B854FCB638E5}.RelWithDebInfo|x64.Build.0 = RelWithDebInfo|x64
		{E6D87A29-E7B2-325D-A75C-01A730ABBF52}.Debug|x64.ActiveCfg = Debug|x64
		{E6D87A29-E7B2-325D-A75C-01A730ABBF52}.Debug|x64.Build.0 = Debug|x64
		{E6D87A29-E7B2-325D-A75C-01A730ABBF52}.Release|x64.ActiveCfg = Release|x64
		{E6D87A29-E7B2-325D-A75C-01A730ABBF52}.Release|x64.Build.0 = Release|x64
		{E6D87A29-E7B2-325D-A75C-01A730ABBF52}.MinSizeRel|x64.ActiveCfg = MinSizeRel|x64
		{E6D87A29-E7B2-325D-A75C-01A730ABBF52}.MinSizeRel|x64.Build.0 = MinSizeRel|x64
		{E6D87A29-E7B2-325D-A75C-01A730ABBF52}.RelWithDebInfo|x64.ActiveCfg = RelWithDebInfo|x64
		{E6D87A29-E7B2-325D-A75C-01A730ABBF52}.RelWithDebInfo|x64.Build.0 = RelWithDebInfo|x64
		{3BFD6B2C-7406-35E0-8B2A-9D31B3EBA041}.Debug|x64.ActiveCfg = Debug|x64
		{3BFD6B2C-7406-35E0-8B2A-9D31B3EBA041}.Release|x64.ActiveCfg = Release|x64
		{3BFD6B2C-7406-35E0-8B2A-9D31B3EBA041}.MinSizeRel|x64.ActiveCfg = MinSizeRel|x64
		{3BFD6B2C-7406-35E0-8B2A-9D31B3EBA041}.RelWithDebInfo|x64.ActiveCfg = RelWithDebInfo|x64
		{49C368CB-78B3-3B2B-88B6-BFDE8AFAEEB9}.Debug|x64.ActiveCfg = Debug|x64
		{49C368CB-78B3-3B2B-88B6-BFDE8AFAEEB9}.Release|x64.ActiveCfg = Release|x64
		{49C368CB-78B3-3B2B-88B6-BFDE8AFAEEB9}.MinSizeRel|x64.ActiveCfg = MinSizeRel|x64
		{49C368CB-78B3-3B2B-88B6-BFDE8AFAEEB9}.RelWithDebInfo|x64.ActiveCfg = RelWithDebInfo|x64
	EndGlobalSection
	GlobalSection(NestedProjects) = preSolution
		{3E6F643F-1235-3272-B3AD-34D8557355BD} = {17B89690-2D6C-34B8-B9F9-449FFB004A68}
		{628457A9-41D9-3DFF-AFCE-7249488494C6} = {17B89690-2D6C-34B8-B9F9-449FFB004A68}
		{B342FFEA-4114-394D-8C43-E8A18F33402D} = {17B89690-2D6C-34B8-B9F9-449FFB004A68}
		{CA87ACE6-36E3-3E5D-B65F-B854FCB638E5} = {5F172FC8-7828-3EB6-8970-175E8F399F50}
		{3BFD6B2C-7406-35E0-8B2A-9D31B3EBA041} = {5F172FC8-7828-3EB6-8970-175E8F399F50}
		{49C368CB-78B3-3B2B-88B6-BFDE8AFAEEB9} = {5F172FC8-7828-3EB6-8970-175E8F399F50}
	EndGlobalSection
	GlobalSection(ExtensibilityGlobals) = postSolution
		SolutionGuid = {E4A3E89E-C2CD-38DD-B751-87C26A03B116}
	EndGlobalSection
	GlobalSection(ExtensibilityAddIns) = postSolution
	EndGlobalSection
EndGlobal
